{
  "name": "gitpeek",
  "version": "1.0.3",
  "lockfileVersion": 1,
  "requires": true,
  "dependencies": {
    "commander": {
      "version": "2.19.0",
      "resolved": "https://registry.npmjs.org/commander/-/commander-2.19.0.tgz",
      "integrity": "sha512-6tvAOO+D6OENvRAh524Dh9jcfKTYDQAqvqezbCW82xj5X0pSrcpxtvRKHLG0yBY6SD7PSDrJaj+0AiOcKVd1Xg=="
    },
    "dayjs": {
      "version": "1.7.8",
      "resolved": "https://npm.dpdk.com/dayjs/-/dayjs-1.7.8.tgz",
      "integrity": "sha512-Gp4Y5KWeSri0QOWGzHQz7VrKDkfEpS92dCLK7P8hYowRFbaym1vj3d6CoHio3apSS4KSi/qb5Edemv26IN5Hfg=="
    },
    "dlv": {
      "version": "1.1.3",
      "resolved": "https://registry.npmjs.org/dlv/-/dlv-1.1.3.tgz",
      "integrity": "sha512-+HlytyjlPKnIG8XuRG8WvmBP8xs8P71y+SKKS6ZXWoEgLuePxtDoUEiH7WkdePWrQ5JBpE6aoVqfZfJUQkjXwA=="
    },
    "kleur": {
      "version": "3.0.1",
      "resolved": "https://npm.dpdk.com/kleur/-/kleur-3.0.1.tgz",
      "integrity": "sha512-P3kRv+B+Ra070ng2VKQqW4qW7gd/v3iD8sy/zOdcYRsfiD+QBokQNOps/AfP6Hr48cBhIIBFWckB9aO+IZhrWg=="
    }
  }
}
